
Microsoft Visual Studio Solution File, Format Version 12.00
# Visual Studio Version 16
VisualStudioVersion = 16.0.30804.86
MinimumVisualStudioVersion = 10.0.40219.1
Project("{FAE04EC0-301F-11D3-BF4B-00C04F79EFBC}") = "DiscordSmackTalkingBot", "DiscordSmackTalkingBot.csproj", "{564122AA-2589-4847-B71C-3597E149736C}"
EndProject
Global
	GlobalSection(SolutionConfigurationPlatforms) = preSolution
		Debug|Any CPU = Debug|Any CPU
		Release|Any CPU = Release|Any CPU
	EndGlobalSection
	GlobalSection(ProjectConfigurationPlatforms) = postSolution
		{564122AA-2589-4847-B71C-3597E149736C}.Debug|Any CPU.ActiveCfg = Debug|Any CPU
		{564122AA-2589-4847-B71C-3597E149736C}.Debug|Any CPU.Build.0 = Debug|Any CPU
		{564122AA-2589-4847-B71C-3597E149736C}.Release|Any CPU.ActiveCfg = Release|Any CPU
		{564122AA-2589-4847-B71C-3597E149736C}.Release|Any CPU.Build.0 = Release|Any CPU
	EndGlobalSection
	GlobalSection(SolutionProperties) = preSolution
		HideSolutionNode = FALSE
	EndGlobalSection
	GlobalSection(ExtensibilityGlobals) = postSolution
		SolutionGuid = {FED5474A-CADA-4B96-ABE2-437CD71974A7}
	EndGlobalSection
EndGlobal
